
Microsoft Visual Studio Solution File, Format Version 12.00
# Visual Studio Version 16
VisualStudioVersion = 16.0.31729.503
MinimumVisualStudioVersion = 10.0.40219.1
Project("{FAE04EC0-301F-11D3-BF4B-00C04F79EFBC}") = "upg5_11", "upg5_11\upg5_11.csproj", "{5BC5D597-5245-4632-807D-D6C5883F1284}"
EndProject
Global
	GlobalSection(SolutionConfigurationPlatforms) = preSolution
		Debug|Any CPU = Debug|Any CPU
		Release|Any CPU = Release|Any CPU
	EndGlobalSection
	GlobalSection(ProjectConfigurationPlatforms) = postSolution
		{5BC5D597-5245-4632-807D-D6C5883F1284}.Debug|Any CPU.ActiveCfg = Debug|Any CPU
		{5BC5D597-5245-4632-807D-D6C5883F1284}.Debug|Any CPU.Build.0 = Debug|Any CPU
		{5BC5D597-5245-4632-807D-D6C5883F1284}.Release|Any CPU.ActiveCfg = Release|Any CPU
		{5BC5D597-5245-4632-807D-D6C5883F1284}.Release|Any CPU.Build.0 = Release|Any CPU
	EndGlobalSection
	GlobalSection(SolutionProperties) = preSolution
		HideSolutionNode = FALSE
	EndGlobalSection
	GlobalSection(ExtensibilityGlobals) = postSolution
		SolutionGuid = {1BBC5813-0A46-49EA-9128-73151C656A30}
	EndGlobalSection
EndGlobal
